
Microsoft Visual Studio Solution File, Format Version 12.00
# Visual Studio Version 17
VisualStudioVersion = 17.9.34616.47
MinimumVisualStudioVersion = 10.0.40219.1
Project("{FAE04EC0-301F-11D3-BF4B-00C04F79EFBC}") = "CRUDwithRepository.UI", "CRUDwithRepository\CRUDwithRepository.UI.csproj", "{AD53937B-534C-4E41-8102-CFBF3D9FF938}"
EndProject
Project("{FAE04EC0-301F-11D3-BF4B-00C04F79EFBC}") = "CRUDwithRepository.Core", "CRUDwithRepository.Core\CRUDwithRepository.Core.csproj", "{5B03521C-7030-4E83-A19D-0CD66C66E3A5}"
EndProject
Project("{FAE04EC0-301F-11D3-BF4B-00C04F79EFBC}") = "CRUDwithRepository.Infastructure", "CRUDwithRepository.Infastructure\CRUDwithRepository.Infastructure.csproj", "{9A13F5C9-5907-43BB-AE40-60A5A5A84D6E}"
EndProject
Global
	GlobalSection(SolutionConfigurationPlatforms) = preSolution
		Debug|Any CPU = Debug|Any CPU
		Release|Any CPU = Release|Any CPU
	EndGlobalSection
	GlobalSection(ProjectConfigurationPlatforms) = postSolution
		{AD53937B-534C-4E41-8102-CFBF3D9FF938}.Debug|Any CPU.ActiveCfg = Debug|Any CPU
		{AD53937B-534C-4E41-8102-CFBF3D9FF938}.Debug|Any CPU.Build.0 = Debug|Any CPU
		{AD53937B-534C-4E41-8102-CFBF3D9FF938}.Release|Any CPU.ActiveCfg = Release|Any CPU
		{AD53937B-534C-4E41-8102-CFBF3D9FF938}.Release|Any CPU.Build.0 = Release|Any CPU
		{5B03521C-7030-4E83-A19D-0CD66C66E3A5}.Debug|Any CPU.ActiveCfg = Debug|Any CPU
		{5B03521C-7030-4E83-A19D-0CD66C66E3A5}.Debug|Any CPU.Build.0 = Debug|Any CPU
		{5B03521C-7030-4E83-A19D-0CD66C66E3A5}.Release|Any CPU.ActiveCfg = Release|Any CPU
		{5B03521C-7030-4E83-A19D-0CD66C66E3A5}.Release|Any CPU.Build.0 = Release|Any CPU
		{9A13F5C9-5907-43BB-AE40-60A5A5A84D6E}.Debug|Any CPU.ActiveCfg = Debug|Any CPU
		{9A13F5C9-5907-43BB-AE40-60A5A5A84D6E}.Debug|Any CPU.Build.0 = Debug|Any CPU
		{9A13F5C9-5907-43BB-AE40-60A5A5A84D6E}.Release|Any CPU.ActiveCfg = Release|Any CPU
		{9A13F5C9-5907-43BB-AE40-60A5A5A84D6E}.Release|Any CPU.Build.0 = Release|Any CPU
	EndGlobalSection
	GlobalSection(SolutionProperties) = preSolution
		HideSolutionNode = FALSE
	EndGlobalSection
	GlobalSection(ExtensibilityGlobals) = postSolution
		SolutionGuid = {E89BE9F2-3019-4361-8E0D-F2A0F0547DE7}
	EndGlobalSection
EndGlobal
